
Microsoft Visual Studio Solution File, Format Version 12.00
# Visual Studio 15
VisualStudioVersion = 15.0.28307.329
MinimumVisualStudioVersion = 10.0.40219.1
Project("{FAE04EC0-301F-11D3-BF4B-00C04F79EFBC}") = "TapApiDemo", "TapApiDemo\TapApiDemo.csproj", "{CE7E29CF-F332-4DDC-8A6A-768D33F6AC2C}"
EndProject
Global
	GlobalSection(SolutionConfigurationPlatforms) = preSolution
		Debug|Any CPU = Debug|Any CPU
		Release|Any CPU = Release|Any CPU
	EndGlobalSection
	GlobalSection(ProjectConfigurationPlatforms) = postSolution
		{CE7E29CF-F332-4DDC-8A6A-768D33F6AC2C}.Debug|Any CPU.ActiveCfg = Debug|Any CPU
		{CE7E29CF-F332-4DDC-8A6A-768D33F6AC2C}.Debug|Any CPU.Build.0 = Debug|Any CPU
		{CE7E29CF-F332-4DDC-8A6A-768D33F6AC2C}.Release|Any CPU.ActiveCfg = Release|Any CPU
		{CE7E29CF-F332-4DDC-8A6A-768D33F6AC2C}.Release|Any CPU.Build.0 = Release|Any CPU
	EndGlobalSection
	GlobalSection(SolutionProperties) = preSolution
		HideSolutionNode = FALSE
	EndGlobalSection
	GlobalSection(ExtensibilityGlobals) = postSolution
		SolutionGuid = {70456EA2-73D3-42A7-85D2-811366E7C490}
	EndGlobalSection
EndGlobal
